
Microsoft Visual Studio Solution File, Format Version 12.00
# Visual Studio Version 17
VisualStudioVersion = 17.4.33213.308
MinimumVisualStudioVersion = 10.0.40219.1
Project("{FAE04EC0-301F-11D3-BF4B-00C04F79EFBC}") = "EmployeeManagementApp", "EmployeeManagementApp\EmployeeManagementApp.csproj", "{52240D22-57DD-4BC0-BAC3-D5138E60AEA7}"
EndProject
Project("{FAE04EC0-301F-11D3-BF4B-00C04F79EFBC}") = "EmployeeManagementAppUnitTest", "EmployeeManagementAppUnitTest\EmployeeManagementAppUnitTest.csproj", "{F2A4DD39-BADF-43E5-B740-7A5BE817A7A2}"
EndProject
Global
	GlobalSection(SolutionConfigurationPlatforms) = preSolution
		Debug|Any CPU = Debug|Any CPU
		Release|Any CPU = Release|Any CPU
	EndGlobalSection
	GlobalSection(ProjectConfigurationPlatforms) = postSolution
		{52240D22-57DD-4BC0-BAC3-D5138E60AEA7}.Debug|Any CPU.ActiveCfg = Debug|Any CPU
		{52240D22-57DD-4BC0-BAC3-D5138E60AEA7}.Debug|Any CPU.Build.0 = Debug|Any CPU
		{52240D22-57DD-4BC0-BAC3-D5138E60AEA7}.Release|Any CPU.ActiveCfg = Release|Any CPU
		{52240D22-57DD-4BC0-BAC3-D5138E60AEA7}.Release|Any CPU.Build.0 = Release|Any CPU
		{F2A4DD39-BADF-43E5-B740-7A5BE817A7A2}.Debug|Any CPU.ActiveCfg = Debug|Any CPU
		{F2A4DD39-BADF-43E5-B740-7A5BE817A7A2}.Debug|Any CPU.Build.0 = Debug|Any CPU
		{F2A4DD39-BADF-43E5-B740-7A5BE817A7A2}.Release|Any CPU.ActiveCfg = Release|Any CPU
		{F2A4DD39-BADF-43E5-B740-7A5BE817A7A2}.Release|Any CPU.Build.0 = Release|Any CPU
	EndGlobalSection
	GlobalSection(SolutionProperties) = preSolution
		HideSolutionNode = FALSE
	EndGlobalSection
	GlobalSection(ExtensibilityGlobals) = postSolution
		SolutionGuid = {B3F2E12B-4EFB-41F9-B75A-8CE5F9F5C7ED}
	EndGlobalSection
EndGlobal
