
Microsoft Visual Studio Solution File, Format Version 12.00
# Visual Studio Version 17
VisualStudioVersion = 17.4.33213.308
MinimumVisualStudioVersion = 10.0.40219.1
Project("{FAE04EC0-301F-11D3-BF4B-00C04F79EFBC}") = "EmployeeApp", "EmployeeApp\EmployeeApp.csproj", "{985DC80B-2DF6-4BEE-81AA-9AC6278A0286}"
EndProject
Global
	GlobalSection(SolutionConfigurationPlatforms) = preSolution
		Debug|Any CPU = Debug|Any CPU
		Release|Any CPU = Release|Any CPU
	EndGlobalSection
	GlobalSection(ProjectConfigurationPlatforms) = postSolution
		{985DC80B-2DF6-4BEE-81AA-9AC6278A0286}.Debug|Any CPU.ActiveCfg = Debug|Any CPU
		{985DC80B-2DF6-4BEE-81AA-9AC6278A0286}.Debug|Any CPU.Build.0 = Debug|Any CPU
		{985DC80B-2DF6-4BEE-81AA-9AC6278A0286}.Release|Any CPU.ActiveCfg = Release|Any CPU
		{985DC80B-2DF6-4BEE-81AA-9AC6278A0286}.Release|Any CPU.Build.0 = Release|Any CPU
	EndGlobalSection
	GlobalSection(SolutionProperties) = preSolution
		HideSolutionNode = FALSE
	EndGlobalSection
	GlobalSection(ExtensibilityGlobals) = postSolution
		SolutionGuid = {B3F2E12B-4EFB-41F9-B75A-8CE5F9F5C7ED}
	EndGlobalSection
EndGlobal
